# THIS IS AN AUTOGENERATED FILE. DO NOT EDIT THIS FILE DIRECTLY.
# yarn lockfile v1


agentkeepalive@^2.0.3:
  version "2.2.0"
  resolved "http://r.cnpmjs.org/agentkeepalive/download/agentkeepalive-2.2.0.tgz#c5d1bd4b129008f1163f236f86e5faea2026e2ef"

ajv-keywords@^3.0.0:
  version "3.2.0"
  resolved "http://r.cnpmjs.org/ajv-keywords/download/ajv-keywords-3.2.0.tgz#e86b819c602cf8821ad637413698f1dec021847a"

ajv@^6.0.1:
  version "6.5.2"
  resolved "http://r.cnpmjs.org/ajv/download/ajv-6.5.2.tgz#678495f9b82f7cca6be248dd92f59bff5e1f4360"
  dependencies:
    fast-deep-equal "^2.0.1"
    fast-json-stable-stringify "^2.0.0"
    json-schema-traverse "^0.4.1"
    uri-js "^4.2.1"

ansi-regex@^3.0.0:
  version "3.0.0"
  resolved "http://r.cnpmjs.org/ansi-regex/download/ansi-regex-3.0.0.tgz#ed0317c322064f79466c02966bddb605ab37d998"

ansi-styles@^3.2.1:
  version "3.2.1"
  resolved "http://r.cnpmjs.org/ansi-styles/download/ansi-styles-3.2.1.tgz#41fbb20243e50b12be0f04b8dedbf07520ce841d"
  dependencies:
    color-convert "^1.9.0"

autocannon@^2.4.1:
  version "2.4.1"
  resolved "http://r.cnpmjs.org/autocannon/download/autocannon-2.4.1.tgz#300b111acf97915000ad6c3ef23a3c7fd55c02d5"
  dependencies:
    chalk "^2.4.1"
    color-support "^1.1.1"
    hdr-histogram-js "^1.1.4"
    hdr-histogram-percentiles-obj "^1.2.0"
    http-parser-js "^0.4.12"
    hyperid "^1.3.1"
    minimist "^1.2.0"
    pretty-bytes "^4.0.2"
    progress "^2.0.0"
    reinterval "^1.1.0"
    retimer "^1.0.1"
    shallow-clone "^3.0.0"
    table "^4.0.3"
    timestring "^5.0.0"
    xtend "^4.0.1"

base64-js@^1.2.0:
  version "1.3.0"
  resolved "http://r.cnpmjs.org/base64-js/download/base64-js-1.3.0.tgz#cab1e6118f051095e58b5281aea8c1cd22bfc0e3"

chalk@^2.1.0, chalk@^2.4.1:
  version "2.4.1"
  resolved "http://r.cnpmjs.org/chalk/download/chalk-2.4.1.tgz#18c49ab16a037b6eb0152cc83e3471338215b66e"
  dependencies:
    ansi-styles "^3.2.1"
    escape-string-regexp "^1.0.5"
    supports-color "^5.3.0"

color-convert@^1.9.0:
  version "1.9.2"
  resolved "http://r.cnpmjs.org/color-convert/download/color-convert-1.9.2.tgz#49881b8fba67df12a96bdf3f56c0aab9e7913147"
  dependencies:
    color-name "1.1.1"

color-name@1.1.1:
  version "1.1.1"
  resolved "http://r.cnpmjs.org/color-name/download/color-name-1.1.1.tgz#4b1415304cf50028ea81643643bd82ea05803689"

color-support@^1.1.1:
  version "1.1.3"
  resolved "http://r.cnpmjs.org/color-support/download/color-support-1.1.3.tgz#93834379a1cc9a0c61f82f52f0d04322251bd5a2"

debug@^2.2.0:
  version "2.6.9"
  resolved "http://r.cnpmjs.org/debug/download/debug-2.6.9.tgz#5d128515df134ff327e90a4c93f4e077a536341f"
  dependencies:
    ms "2.0.0"

dom-walk@^0.1.0:
  version "0.1.1"
  resolved "http://registry.npm.taobao.org/dom-walk/download/dom-walk-0.1.1.tgz#672226dc74c8f799ad35307df936aba11acd6018"

escape-string-regexp@^1.0.5:
  version "1.0.5"
  resolved "http://r.cnpmjs.org/escape-string-regexp/download/escape-string-regexp-1.0.5.tgz#1b61c0562190a8dff6ae3bb2cf0200ca130b86d4"

fast-deep-equal@^2.0.1:
  version "2.0.1"
  resolved "http://r.cnpmjs.org/fast-deep-equal/download/fast-deep-equal-2.0.1.tgz#7b05218ddf9667bf7f370bf7fdb2cb15fdd0aa49"

fast-json-stable-stringify@^2.0.0:
  version "2.0.0"
  resolved "http://r.cnpmjs.org/fast-json-stable-stringify/download/fast-json-stable-stringify-2.0.0.tgz#d5142c0caee6b1189f87d3a76111064f86c8bbf2"

global@^4.3.2:
  version "4.3.2"
  resolved "http://registry.npm.taobao.org/global/download/global-4.3.2.tgz#e76989268a6c74c38908b1305b10fc0e394e9d0f"
  dependencies:
    min-document "^2.19.0"
    process "~0.5.1"

has-flag@^3.0.0:
  version "3.0.0"
  resolved "http://r.cnpmjs.org/has-flag/download/has-flag-3.0.0.tgz#b5d454dc2199ae225699f3467e5a07f3b955bafd"

hdr-histogram-js@^1.0.0, hdr-histogram-js@^1.1.4:
  version "1.1.4"
  resolved "http://r.cnpmjs.org/hdr-histogram-js/download/hdr-histogram-js-1.1.4.tgz#74134025d1ae1cfef5d7f1127eb7560de2a0a773"
  dependencies:
    base64-js "^1.2.0"
    pako "^1.0.3"

hdr-histogram-percentiles-obj@^1.2.0:
  version "1.2.0"
  resolved "http://r.cnpmjs.org/hdr-histogram-percentiles-obj/download/hdr-histogram-percentiles-obj-1.2.0.tgz#650130e29a7b17a9507a98e224375d3114cd44b2"
  dependencies:
    hdr-histogram-js "^1.0.0"

http-parser-js@^0.4.12:
  version "0.4.13"
  resolved "http://r.cnpmjs.org/http-parser-js/download/http-parser-js-0.4.13.tgz#3bd6d6fde6e3172c9334c3b33b6c193d80fe1137"

http@^0.0.0:
  version "0.0.0"
  resolved "http://r.cnpmjs.org/http/download/http-0.0.0.tgz#86e6326d29c5d039de9fac584a45689f929f4f72"

hyperid@^1.3.1:
  version "1.4.1"
  resolved "http://r.cnpmjs.org/hyperid/download/hyperid-1.4.1.tgz#5df41b25a86171661b37534c3404655ae7657d29"
  dependencies:
    uuid "^3.2.1"
    uuid-parse "^1.0.0"

iconv-lite@^0.4.23:
  version "0.4.23"
  resolved "http://r.cnpmjs.org/iconv-lite/download/iconv-lite-0.4.23.tgz#297871f63be507adcfbfca715d0cd0eed84e9a63"
  dependencies:
    safer-buffer ">= 2.1.2 < 3"

is-fullwidth-code-point@^2.0.0:
  version "2.0.0"
  resolved "http://r.cnpmjs.org/is-fullwidth-code-point/download/is-fullwidth-code-point-2.0.0.tgz#a3b30a5c4f199183167aaab93beefae3ddfb654f"

is-typedarray@^1.0.0:
  version "1.0.0"
  resolved "http://r.cnpmjs.org/is-typedarray/download/is-typedarray-1.0.0.tgz#e479c80858df0c1b11ddda6940f96011fcda4a9a"

json-schema-traverse@^0.4.1:
  version "0.4.1"
  resolved "http://r.cnpmjs.org/json-schema-traverse/download/json-schema-traverse-0.4.1.tgz#69f6a87d9513ab8bb8fe63bdb0979c448e684660"

kind-of@^6.0.2:
  version "6.0.2"
  resolved "http://r.cnpmjs.org/kind-of/download/kind-of-6.0.2.tgz#01146b36a6218e64e58f3a8d66de5d7fc6f6d051"

loadtest@^3.0.3:
  version "3.0.3"
  resolved "http://r.cnpmjs.org/loadtest/download/loadtest-3.0.3.tgz#51540979867e9f513136fff602efcc5550489d4b"
  dependencies:
    agentkeepalive "^2.0.3"
    log "1.4.*"
    prototypes ">= 0.4.3"
    stdio "^0.2.3"
    testing "^1.1.1"
    websocket "^1.0.22"

lodash@^4.17.4:
  version "4.17.10"
  resolved "http://r.cnpmjs.org/lodash/download/lodash-4.17.10.tgz#1b7793cf7259ea38fb3661d4d38b3260af8ae4e7"

log@*, log@1.4.*:
  version "1.4.0"
  resolved "http://r.cnpmjs.org/log/download/log-1.4.0.tgz#4ba1d890fde249b031dca03bc37eaaf325656f1c"

min-document@^2.19.0:
  version "2.19.0"
  resolved "http://registry.npm.taobao.org/min-document/download/min-document-2.19.0.tgz#7bd282e3f5842ed295bb748cdd9f1ffa2c824685"
  dependencies:
    dom-walk "^0.1.0"

minimist@^1.2.0:
  version "1.2.0"
  resolved "http://r.cnpmjs.org/minimist/download/minimist-1.2.0.tgz#a35008b20f41383eec1fb914f4cd5df79a264284"

ms@2.0.0:
  version "2.0.0"
  resolved "http://r.cnpmjs.org/ms/download/ms-2.0.0.tgz#5608aeadfc00be6c2901df5f9861788de0d597c8"

nan@^2.3.3:
  version "2.10.0"
  resolved "http://r.cnpmjs.org/nan/download/nan-2.10.0.tgz#96d0cd610ebd58d4b4de9cc0c6828cda99c7548f"

pako@^1.0.3:
  version "1.0.6"
  resolved "http://r.cnpmjs.org/pako/download/pako-1.0.6.tgz#0101211baa70c4bca4a0f63f2206e97b7dfaf258"

pretty-bytes@^4.0.2:
  version "4.0.2"
  resolved "http://r.cnpmjs.org/pretty-bytes/download/pretty-bytes-4.0.2.tgz#b2bf82e7350d65c6c33aa95aaa5a4f6327f61cd9"

process@~0.5.1:
  version "0.5.2"
  resolved "http://registry.npm.taobao.org/process/download/process-0.5.2.tgz#1638d8a8e34c2f440a91db95ab9aeb677fc185cf"

progress@^2.0.0:
  version "2.0.0"
  resolved "http://r.cnpmjs.org/progress/download/progress-2.0.0.tgz#8a1be366bf8fc23db2bd23f10c6fe920b4389d1f"

"prototypes@>= 0.4.3":
  version "2.3.3"
  resolved "http://r.cnpmjs.org/prototypes/download/prototypes-2.3.3.tgz#8d34fcbf59b664a65ca5c88c6e1065132e99fdd1"

punycode@^2.1.0:
  version "2.1.1"
  resolved "http://r.cnpmjs.org/punycode/download/punycode-2.1.1.tgz#b58b010ac40c22c5657616c8d2c2c02c7bf479ec"

reinterval@^1.1.0:
  version "1.1.0"
  resolved "http://r.cnpmjs.org/reinterval/download/reinterval-1.1.0.tgz#3361ecfa3ca6c18283380dd0bb9546f390f5ece7"

retimer@^1.0.1:
  version "1.1.0"
  resolved "http://r.cnpmjs.org/retimer/download/retimer-1.1.0.tgz#8cb2cec5cc200c245622e943aa11549f25c5ed2c"

"safer-buffer@>= 2.1.2 < 3":
  version "2.1.2"
  resolved "http://r.cnpmjs.org/safer-buffer/download/safer-buffer-2.1.2.tgz#44fa161b0187b9549dd84bb91802f9bd8385cd6a"

shallow-clone@^3.0.0:
  version "3.0.0"
  resolved "http://r.cnpmjs.org/shallow-clone/download/shallow-clone-3.0.0.tgz#317b701facce5e742d4c04c64e1d52f957e22b28"
  dependencies:
    kind-of "^6.0.2"

slice-ansi@1.0.0:
  version "1.0.0"
  resolved "http://r.cnpmjs.org/slice-ansi/download/slice-ansi-1.0.0.tgz#044f1a49d8842ff307aad6b505ed178bd950134d"
  dependencies:
    is-fullwidth-code-point "^2.0.0"

stdio@^0.2.3:
  version "0.2.7"
  resolved "http://r.cnpmjs.org/stdio/download/stdio-0.2.7.tgz#a1c57da10fe1cfaa0c3bf683c9d0743d1b660839"

string-width@^2.1.1:
  version "2.1.1"
  resolved "http://r.cnpmjs.org/string-width/download/string-width-2.1.1.tgz#ab93f27a8dc13d28cac815c462143a6d9012ae9e"
  dependencies:
    is-fullwidth-code-point "^2.0.0"
    strip-ansi "^4.0.0"

strip-ansi@^4.0.0:
  version "4.0.0"
  resolved "http://r.cnpmjs.org/strip-ansi/download/strip-ansi-4.0.0.tgz#a8479022eb1ac368a871389b635262c505ee368f"
  dependencies:
    ansi-regex "^3.0.0"

supports-color@^5.3.0:
  version "5.4.0"
  resolved "http://r.cnpmjs.org/supports-color/download/supports-color-5.4.0.tgz#1c6b337402c2137605efe19f10fec390f6faab54"
  dependencies:
    has-flag "^3.0.0"

table@^4.0.3:
  version "4.0.3"
  resolved "http://r.cnpmjs.org/table/download/table-4.0.3.tgz#00b5e2b602f1794b9acaf9ca908a76386a7813bc"
  dependencies:
    ajv "^6.0.1"
    ajv-keywords "^3.0.0"
    chalk "^2.1.0"
    lodash "^4.17.4"
    slice-ansi "1.0.0"
    string-width "^2.1.1"

testing@^1.1.1:
  version "1.1.1"
  resolved "http://r.cnpmjs.org/testing/download/testing-1.1.1.tgz#9a05730555f52d6d9c914083bba55ac48ced9203"
  dependencies:
    log "*"

timestring@^5.0.0:
  version "5.0.1"
  resolved "http://r.cnpmjs.org/timestring/download/timestring-5.0.1.tgz#065bd9dda1bcaf7c08ec9a4841569d3bbbb6cf87"

typedarray-to-buffer@^3.1.2:
  version "3.1.5"
  resolved "http://r.cnpmjs.org/typedarray-to-buffer/download/typedarray-to-buffer-3.1.5.tgz#a97ee7a9ff42691b9f783ff1bc5112fe3fca9080"
  dependencies:
    is-typedarray "^1.0.0"

uri-js@^4.2.1:
  version "4.2.2"
  resolved "http://r.cnpmjs.org/uri-js/download/uri-js-4.2.2.tgz#94c540e1ff772956e2299507c010aea6c8838eb0"
  dependencies:
    punycode "^2.1.0"

uuid-parse@^1.0.0:
  version "1.0.0"
  resolved "http://r.cnpmjs.org/uuid-parse/download/uuid-parse-1.0.0.tgz#f4657717624b0e4b88af36f98d89589a5bbee569"

uuid@^3.2.1:
  version "3.3.2"
  resolved "http://r.cnpmjs.org/uuid/download/uuid-3.3.2.tgz#1b4af4955eb3077c501c23872fc6513811587131"

websocket@^1.0.22:
  version "1.0.26"
  resolved "http://r.cnpmjs.org/websocket/download/websocket-1.0.26.tgz#a03a01299849c35268c83044aa919c6374be8194"
  dependencies:
    debug "^2.2.0"
    nan "^2.3.3"
    typedarray-to-buffer "^3.1.2"
    yaeti "^0.0.6"

xtend@^4.0.1:
  version "4.0.1"
  resolved "http://r.cnpmjs.org/xtend/download/xtend-4.0.1.tgz#a5c6d532be656e23db820efb943a1f04998d63af"

yaeti@^0.0.6:
  version "0.0.6"
  resolved "http://r.cnpmjs.org/yaeti/download/yaeti-0.0.6.tgz#f26f484d72684cf42bedfb76970aa1608fbf9577"
