# THIS IS AN AUTOGENERATED FILE. DO NOT EDIT THIS FILE DIRECTLY.
# yarn lockfile v1


agentkeepalive@^2.0.3:
  version "2.2.0"
  resolved "http://r.cnpmjs.org/agentkeepalive/download/agentkeepalive-2.2.0.tgz#c5d1bd4b129008f1163f236f86e5faea2026e2ef"

debug@^2.2.0:
  version "2.6.9"
  resolved "http://r.cnpmjs.org/debug/download/debug-2.6.9.tgz#5d128515df134ff327e90a4c93f4e077a536341f"
  dependencies:
    ms "2.0.0"

dom-walk@^0.1.0:
  version "0.1.1"
  resolved "http://registry.npm.taobao.org/dom-walk/download/dom-walk-0.1.1.tgz#672226dc74c8f799ad35307df936aba11acd6018"

global@^4.3.2:
  version "4.3.2"
  resolved "http://registry.npm.taobao.org/global/download/global-4.3.2.tgz#e76989268a6c74c38908b1305b10fc0e394e9d0f"
  dependencies:
    min-document "^2.19.0"
    process "~0.5.1"

http@^0.0.0:
  version "0.0.0"
  resolved "http://r.cnpmjs.org/http/download/http-0.0.0.tgz#86e6326d29c5d039de9fac584a45689f929f4f72"

iconv-lite@^0.4.23:
  version "0.4.23"
  resolved "http://r.cnpmjs.org/iconv-lite/download/iconv-lite-0.4.23.tgz#297871f63be507adcfbfca715d0cd0eed84e9a63"
  dependencies:
    safer-buffer ">= 2.1.2 < 3"

is-typedarray@^1.0.0:
  version "1.0.0"
  resolved "http://r.cnpmjs.org/is-typedarray/download/is-typedarray-1.0.0.tgz#e479c80858df0c1b11ddda6940f96011fcda4a9a"

loadtest@^3.0.3:
  version "3.0.3"
  resolved "http://r.cnpmjs.org/loadtest/download/loadtest-3.0.3.tgz#51540979867e9f513136fff602efcc5550489d4b"
  dependencies:
    agentkeepalive "^2.0.3"
    log "1.4.*"
    prototypes ">= 0.4.3"
    stdio "^0.2.3"
    testing "^1.1.1"
    websocket "^1.0.22"

log@*, log@1.4.*:
  version "1.4.0"
  resolved "http://r.cnpmjs.org/log/download/log-1.4.0.tgz#4ba1d890fde249b031dca03bc37eaaf325656f1c"

min-document@^2.19.0:
  version "2.19.0"
  resolved "http://registry.npm.taobao.org/min-document/download/min-document-2.19.0.tgz#7bd282e3f5842ed295bb748cdd9f1ffa2c824685"
  dependencies:
    dom-walk "^0.1.0"

ms@2.0.0:
  version "2.0.0"
  resolved "http://r.cnpmjs.org/ms/download/ms-2.0.0.tgz#5608aeadfc00be6c2901df5f9861788de0d597c8"

nan@^2.3.3:
  version "2.10.0"
  resolved "http://r.cnpmjs.org/nan/download/nan-2.10.0.tgz#96d0cd610ebd58d4b4de9cc0c6828cda99c7548f"

process@~0.5.1:
  version "0.5.2"
  resolved "http://registry.npm.taobao.org/process/download/process-0.5.2.tgz#1638d8a8e34c2f440a91db95ab9aeb677fc185cf"

"prototypes@>= 0.4.3":
  version "2.3.3"
  resolved "http://r.cnpmjs.org/prototypes/download/prototypes-2.3.3.tgz#8d34fcbf59b664a65ca5c88c6e1065132e99fdd1"

"safer-buffer@>= 2.1.2 < 3":
  version "2.1.2"
  resolved "http://r.cnpmjs.org/safer-buffer/download/safer-buffer-2.1.2.tgz#44fa161b0187b9549dd84bb91802f9bd8385cd6a"

stdio@^0.2.3:
  version "0.2.7"
  resolved "http://r.cnpmjs.org/stdio/download/stdio-0.2.7.tgz#a1c57da10fe1cfaa0c3bf683c9d0743d1b660839"

testing@^1.1.1:
  version "1.1.1"
  resolved "http://r.cnpmjs.org/testing/download/testing-1.1.1.tgz#9a05730555f52d6d9c914083bba55ac48ced9203"
  dependencies:
    log "*"

typedarray-to-buffer@^3.1.2:
  version "3.1.5"
  resolved "http://r.cnpmjs.org/typedarray-to-buffer/download/typedarray-to-buffer-3.1.5.tgz#a97ee7a9ff42691b9f783ff1bc5112fe3fca9080"
  dependencies:
    is-typedarray "^1.0.0"

websocket@^1.0.22:
  version "1.0.26"
  resolved "http://r.cnpmjs.org/websocket/download/websocket-1.0.26.tgz#a03a01299849c35268c83044aa919c6374be8194"
  dependencies:
    debug "^2.2.0"
    nan "^2.3.3"
    typedarray-to-buffer "^3.1.2"
    yaeti "^0.0.6"

yaeti@^0.0.6:
  version "0.0.6"
  resolved "http://r.cnpmjs.org/yaeti/download/yaeti-0.0.6.tgz#f26f484d72684cf42bedfb76970aa1608fbf9577"
